// !$*UTF8*$!
{
	archiveVersion = 1;
	classes = {
	};
	objectVersion = 55;
	objects = {

/* Begin PBXBuildFile section */
		07975504293284A500614A45 /* TimerViewController.swift in Sources */ = {isa = PBXBuildFile; fileRef = 07975503293284A500614A45 /* TimerViewController.swift */; };
		36434B8F293E963200B941D8 /* EditTaskViewController.swift in Sources */ = {isa = PBXBuildFile; fileRef = 36434B8E293E963200B941D8 /* EditTaskViewController.swift */; };
		3674E412293442EE00227812 /* SettingsViewController.swift in Sources */ = {isa = PBXBuildFile; fileRef = 3674E411293442EE00227812 /* SettingsViewController.swift */; };
		3697CC6A29115A2000D70A8F /* GoogleService-Info.plist in Resources */ = {isa = PBXBuildFile; fileRef = 3697CC6929115A1F00D70A8F /* GoogleService-Info.plist */; };
		3697CC6D29115A9800D70A8F /* FirebaseAuth in Frameworks */ = {isa = PBXBuildFile; productRef = 3697CC6C29115A9800D70A8F /* FirebaseAuth */; };
		3697CC6F29115D9100D70A8F /* SignupViewController.swift in Sources */ = {isa = PBXBuildFile; fileRef = 3697CC6E29115D9100D70A8F /* SignupViewController.swift */; };
		36B58C6828FA038B00C1A51B /* AppDelegate.swift in Sources */ = {isa = PBXBuildFile; fileRef = 36B58C6728FA038B00C1A51B /* AppDelegate.swift */; };
		36B58C6A28FA038B00C1A51B /* SceneDelegate.swift in Sources */ = {isa = PBXBuildFile; fileRef = 36B58C6928FA038B00C1A51B /* SceneDelegate.swift */; };
		36B58C6C28FA038B00C1A51B /* ViewController.swift in Sources */ = {isa = PBXBuildFile; fileRef = 36B58C6B28FA038B00C1A51B /* ViewController.swift */; };
		36B58C6F28FA038B00C1A51B /* Main.storyboard in Resources */ = {isa = PBXBuildFile; fileRef = 36B58C6D28FA038B00C1A51B /* Main.storyboard */; };
		36B58C7228FA038B00C1A51B /* team5project.xcdatamodeld in Sources */ = {isa = PBXBuildFile; fileRef = 36B58C7028FA038B00C1A51B /* team5project.xcdatamodeld */; };
		36B58C7428FA038D00C1A51B /* Assets.xcassets in Resources */ = {isa = PBXBuildFile; fileRef = 36B58C7328FA038D00C1A51B /* Assets.xcassets */; };
		36B58C7728FA038D00C1A51B /* LaunchScreen.storyboard in Resources */ = {isa = PBXBuildFile; fileRef = 36B58C7528FA038D00C1A51B /* LaunchScreen.storyboard */; };
		36B58C7F28FA04F700C1A51B /* LoginViewController.swift in Sources */ = {isa = PBXBuildFile; fileRef = 36B58C7E28FA04F700C1A51B /* LoginViewController.swift */; };
		36B58C8128FB693000C1A51B /* MainViewController.swift in Sources */ = {isa = PBXBuildFile; fileRef = 36B58C8028FB693000C1A51B /* MainViewController.swift */; };
		36B58C8528FB6B1600C1A51B /* TaskViewController.swift in Sources */ = {isa = PBXBuildFile; fileRef = 36B58C8428FB6B1600C1A51B /* TaskViewController.swift */; };
		36B58C8728FB6B4D00C1A51B /* AddTaskViewController.swift in Sources */ = {isa = PBXBuildFile; fileRef = 36B58C8628FB6B4D00C1A51B /* AddTaskViewController.swift */; };
		36B58C8928FB6B7B00C1A51B /* TaskListViewController.swift in Sources */ = {isa = PBXBuildFile; fileRef = 36B58C8828FB6B7B00C1A51B /* TaskListViewController.swift */; };
		E76A2E5B293B0F5400812D5C /* InfoViewController.swift in Sources */ = {isa = PBXBuildFile; fileRef = E76A2E5A293B0F5400812D5C /* InfoViewController.swift */; };
		E7A58E9A293D7A11001E6E05 /* NewInfoViewController.swift in Sources */ = {isa = PBXBuildFile; fileRef = E7A58E99293D7A11001E6E05 /* NewInfoViewController.swift */; };
/* End PBXBuildFile section */

/* Begin PBXFileReference section */
		07975503293284A500614A45 /* TimerViewController.swift */ = {isa = PBXFileReference; lastKnownFileType = sourcecode.swift; path = TimerViewController.swift; sourceTree = "<group>"; };
		36434B8E293E963200B941D8 /* EditTaskViewController.swift */ = {isa = PBXFileReference; lastKnownFileType = sourcecode.swift; path = EditTaskViewController.swift; sourceTree = "<group>"; };
		3674E411293442EE00227812 /* SettingsViewController.swift */ = {isa = PBXFileReference; lastKnownFileType = sourcecode.swift; path = SettingsViewController.swift; sourceTree = "<group>"; };
		3697CC6929115A1F00D70A8F /* GoogleService-Info.plist */ = {isa = PBXFileReference; fileEncoding = 4; lastKnownFileType = text.plist.xml; path = "GoogleService-Info.plist"; sourceTree = "<group>"; };
		3697CC6E29115D9100D70A8F /* SignupViewController.swift */ = {isa = PBXFileReference; lastKnownFileType = sourcecode.swift; path = SignupViewController.swift; sourceTree = "<group>"; };
		36B58C6428FA038B00C1A51B /* team5project.app */ = {isa = PBXFileReference; explicitFileType = wrapper.application; includeInIndex = 0; path = team5project.app; sourceTree = BUILT_PRODUCTS_DIR; };
		36B58C6728FA038B00C1A51B /* AppDelegate.swift */ = {isa = PBXFileReference; lastKnownFileType = sourcecode.swift; path = AppDelegate.swift; sourceTree = "<group>"; };
		36B58C6928FA038B00C1A51B /* SceneDelegate.swift */ = {isa = PBXFileReference; lastKnownFileType = sourcecode.swift; path = SceneDelegate.swift; sourceTree = "<group>"; };
		36B58C6B28FA038B00C1A51B /* ViewController.swift */ = {isa = PBXFileReference; lastKnownFileType = sourcecode.swift; path = ViewController.swift; sourceTree = "<group>"; };
		36B58C6E28FA038B00C1A51B /* Base */ = {isa = PBXFileReference; lastKnownFileType = file.storyboard; name = Base; path = Base.lproj/Main.storyboard; sourceTree = "<group>"; };
		36B58C7128FA038B00C1A51B /* team5project.xcdatamodel */ = {isa = PBXFileReference; lastKnownFileType = wrapper.xcdatamodel; path = team5project.xcdatamodel; sourceTree = "<group>"; };
		36B58C7328FA038D00C1A51B /* Assets.xcassets */ = {isa = PBXFileReference; lastKnownFileType = folder.assetcatalog; path = Assets.xcassets; sourceTree = "<group>"; };
		36B58C7628FA038D00C1A51B /* Base */ = {isa = PBXFileReference; lastKnownFileType = file.storyboard; name = Base; path = Base.lproj/LaunchScreen.storyboard; sourceTree = "<group>"; };
		36B58C7828FA038D00C1A51B /* Info.plist */ = {isa = PBXFileReference; lastKnownFileType = text.plist.xml; path = Info.plist; sourceTree = "<group>"; };
		36B58C7E28FA04F700C1A51B /* LoginViewController.swift */ = {isa = PBXFileReference; lastKnownFileType = sourcecode.swift; path = LoginViewController.swift; sourceTree = "<group>"; };
		36B58C8028FB693000C1A51B /* MainViewController.swift */ = {isa = PBXFileReference; lastKnownFileType = sourcecode.swift; path = MainViewController.swift; sourceTree = "<group>"; };
		36B58C8428FB6B1600C1A51B /* TaskViewController.swift */ = {isa = PBXFileReference; lastKnownFileType = sourcecode.swift; path = TaskViewController.swift; sourceTree = "<group>"; };
		36B58C8628FB6B4D00C1A51B /* AddTaskViewController.swift */ = {isa = PBXFileReference; lastKnownFileType = sourcecode.swift; path = AddTaskViewController.swift; sourceTree = "<group>"; };
		36B58C8828FB6B7B00C1A51B /* TaskListViewController.swift */ = {isa = PBXFileReference; lastKnownFileType = sourcecode.swift; path = TaskListViewController.swift; sourceTree = "<group>"; };
		E76A2E5A293B0F5400812D5C /* InfoViewController.swift */ = {isa = PBXFileReference; lastKnownFileType = sourcecode.swift; path = InfoViewController.swift; sourceTree = "<group>"; };
		E7A58E99293D7A11001E6E05 /* NewInfoViewController.swift */ = {isa = PBXFileReference; lastKnownFileType = sourcecode.swift; path = NewInfoViewController.swift; sourceTree = "<group>"; };
/* End PBXFileReference section */

/* Begin PBXFrameworksBuildPhase section */
		36B58C6128FA038B00C1A51B /* Frameworks */ = {
			isa = PBXFrameworksBuildPhase;
			buildActionMask = 2147483647;
			files = (
				3697CC6D29115A9800D70A8F /* FirebaseAuth in Frameworks */,
			);
			runOnlyForDeploymentPostprocessing = 0;
		};
/* End PBXFrameworksBuildPhase section */

/* Begin PBXGroup section */
		36B58C5B28FA038B00C1A51B = {
			isa = PBXGroup;
			children = (
				36B58C6628FA038B00C1A51B /* team5project */,
				36B58C6528FA038B00C1A51B /* Products */,
			);
			sourceTree = "<group>";
		};
		36B58C6528FA038B00C1A51B /* Products */ = {
			isa = PBXGroup;
			children = (
				36B58C6428FA038B00C1A51B /* team5project.app */,
			);
			name = Products;
			sourceTree = "<group>";
		};
		36B58C6628FA038B00C1A51B /* team5project */ = {
			isa = PBXGroup;
			children = (
				36B58C6728FA038B00C1A51B /* AppDelegate.swift */,
				36B58C6928FA038B00C1A51B /* SceneDelegate.swift */,
				36B58C6B28FA038B00C1A51B /* ViewController.swift */,
				36B58C7E28FA04F700C1A51B /* LoginViewController.swift */,
				3697CC6E29115D9100D70A8F /* SignupViewController.swift */,
				36B58C8028FB693000C1A51B /* MainViewController.swift */,
				36B58C8428FB6B1600C1A51B /* TaskViewController.swift */,
				07975503293284A500614A45 /* TimerViewController.swift */,
				36B58C8628FB6B4D00C1A51B /* AddTaskViewController.swift */,
				36B58C8828FB6B7B00C1A51B /* TaskListViewController.swift */,
				36434B8E293E963200B941D8 /* EditTaskViewController.swift */,
				3674E411293442EE00227812 /* SettingsViewController.swift */,
				E76A2E5A293B0F5400812D5C /* InfoViewController.swift */,
				E7A58E99293D7A11001E6E05 /* NewInfoViewController.swift */,
				36B58C6D28FA038B00C1A51B /* Main.storyboard */,
				36B58C7328FA038D00C1A51B /* Assets.xcassets */,
				36B58C7528FA038D00C1A51B /* LaunchScreen.storyboard */,
				36B58C7828FA038D00C1A51B /* Info.plist */,
				3697CC6929115A1F00D70A8F /* GoogleService-Info.plist */,
				36B58C7028FA038B00C1A51B /* team5project.xcdatamodeld */,
			);
			path = team5project;
			sourceTree = "<group>";
		};
/* End PBXGroup section */

/* Begin PBXNativeTarget section */
		36B58C6328FA038B00C1A51B /* team5project */ = {
			isa = PBXNativeTarget;
			buildConfigurationList = 36B58C7B28FA038D00C1A51B /* Build configuration list for PBXNativeTarget "team5project" */;
			buildPhases = (
				36B58C6028FA038B00C1A51B /* Sources */,
				36B58C6128FA038B00C1A51B /* Frameworks */,
				36B58C6228FA038B00C1A51B /* Resources */,
			);
			buildRules = (
			);
			dependencies = (
			);
			name = team5project;
			packageProductDependencies = (
				3697CC6C29115A9800D70A8F /* FirebaseAuth */,
			);
			productName = team5project;
			productReference = 36B58C6428FA038B00C1A51B /* team5project.app */;
			productType = "com.apple.product-type.application";
		};
/* End PBXNativeTarget section */

/* Begin PBXProject section */
		36B58C5C28FA038B00C1A51B /* Project object */ = {
			isa = PBXProject;
			attributes = {
				BuildIndependentTargetsInParallel = 1;
				LastSwiftUpdateCheck = 1400;
				LastUpgradeCheck = 1400;
				TargetAttributes = {
					36B58C6328FA038B00C1A51B = {
						CreatedOnToolsVersion = 14.0.1;
					};
				};
			};
			buildConfigurationList = 36B58C5F28FA038B00C1A51B /* Build configuration list for PBXProject "team5project" */;
			compatibilityVersion = "Xcode 13.0";
			developmentRegion = en;
			hasScannedForEncodings = 0;
			knownRegions = (
				en,
				Base,
			);
			mainGroup = 36B58C5B28FA038B00C1A51B;
			packageReferences = (
				3697CC6B29115A9800D70A8F /* XCRemoteSwiftPackageReference "firebase-ios-sdk" */,
			);
			productRefGroup = 36B58C6528FA038B00C1A51B /* Products */;
			projectDirPath = "";
			projectRoot = "";
			targets = (
				36B58C6328FA038B00C1A51B /* team5project */,
			);
		};
/* End PBXProject section */

/* Begin PBXResourcesBuildPhase section */
		36B58C6228FA038B00C1A51B /* Resources */ = {
			isa = PBXResourcesBuildPhase;
			buildActionMask = 2147483647;
			files = (
				36B58C7728FA038D00C1A51B /* LaunchScreen.storyboard in Resources */,
				3697CC6A29115A2000D70A8F /* GoogleService-Info.plist in Resources */,
				36B58C7428FA038D00C1A51B /* Assets.xcassets in Resources */,
				36B58C6F28FA038B00C1A51B /* Main.storyboard in Resources */,
			);
			runOnlyForDeploymentPostprocessing = 0;
		};
/* End PBXResourcesBuildPhase section */

/* Begin PBXSourcesBuildPhase section */
		36B58C6028FA038B00C1A51B /* Sources */ = {
			isa = PBXSourcesBuildPhase;
			buildActionMask = 2147483647;
			files = (
				36B58C7228FA038B00C1A51B /* team5project.xcdatamodeld in Sources */,
				36B58C6C28FA038B00C1A51B /* ViewController.swift in Sources */,
				3697CC6F29115D9100D70A8F /* SignupViewController.swift in Sources */,
				E7A58E9A293D7A11001E6E05 /* NewInfoViewController.swift in Sources */,
				36B58C6828FA038B00C1A51B /* AppDelegate.swift in Sources */,
				07975504293284A500614A45 /* TimerViewController.swift in Sources */,
				36B58C8128FB693000C1A51B /* MainViewController.swift in Sources */,
				36434B8F293E963200B941D8 /* EditTaskViewController.swift in Sources */,
				36B58C8528FB6B1600C1A51B /* TaskViewController.swift in Sources */,
				36B58C7F28FA04F700C1A51B /* LoginViewController.swift in Sources */,
				36B58C8728FB6B4D00C1A51B /* AddTaskViewController.swift in Sources */,
				E76A2E5B293B0F5400812D5C /* InfoViewController.swift in Sources */,
				3674E412293442EE00227812 /* SettingsViewController.swift in Sources */,
				36B58C6A28FA038B00C1A51B /* SceneDelegate.swift in Sources */,
				36B58C8928FB6B7B00C1A51B /* TaskListViewController.swift in Sources */,
			);
			runOnlyForDeploymentPostprocessing = 0;
		};
/* End PBXSourcesBuildPhase section */

/* Begin PBXVariantGroup section */
		36B58C6D28FA038B00C1A51B /* Main.storyboard */ = {
			isa = PBXVariantGroup;
			children = (
				36B58C6E28FA038B00C1A51B /* Base */,
			);
			name = Main.storyboard;
			sourceTree = "<group>";
		};
		36B58C7528FA038D00C1A51B /* LaunchScreen.storyboard */ = {
			isa = PBXVariantGroup;
			children = (
				36B58C7628FA038D00C1A51B /* Base */,
			);
			name = LaunchScreen.storyboard;
			sourceTree = "<group>";
		};
/* End PBXVariantGroup section */

/* Begin XCBuildConfiguration section */
		36B58C7928FA038D00C1A51B /* Debug */ = {
			isa = XCBuildConfiguration;
			buildSettings = {
				ALWAYS_SEARCH_USER_PATHS = NO;
				CLANG_ANALYZER_NONNULL = YES;
				CLANG_ANALYZER_NUMBER_OBJECT_CONVERSION = YES_AGGRESSIVE;
				CLANG_CXX_LANGUAGE_STANDARD = "gnu++20";
				CLANG_ENABLE_MODULES = YES;
				CLANG_ENABLE_OBJC_ARC = YES;
				CLANG_ENABLE_OBJC_WEAK = YES;
				CLANG_WARN_BLOCK_CAPTURE_AUTORELEASING = YES;
				CLANG_WARN_BOOL_CONVERSION = YES;
				CLANG_WARN_COMMA = YES;
				CLANG_WARN_CONSTANT_CONVERSION = YES;
				CLANG_WARN_DEPRECATED_OBJC_IMPLEMENTATIONS = YES;
				CLANG_WARN_DIRECT_OBJC_ISA_USAGE = YES_ERROR;
				CLANG_WARN_DOCUMENTATION_COMMENTS = YES;
				CLANG_WARN_EMPTY_BODY = YES;
				CLANG_WARN_ENUM_CONVERSION = YES;
				CLANG_WARN_INFINITE_RECURSION = YES;
				CLANG_WARN_INT_CONVERSION = YES;
				CLANG_WARN_NON_LITERAL_NULL_CONVERSION = YES;
				CLANG_WARN_OBJC_IMPLICIT_RETAIN_SELF = YES;
				CLANG_WARN_OBJC_LITERAL_CONVERSION = YES;
				CLANG_WARN_OBJC_ROOT_CLASS = YES_ERROR;
				CLANG_WARN_QUOTED_INCLUDE_IN_FRAMEWORK_HEADER = YES;
				CLANG_WARN_RANGE_LOOP_ANALYSIS = YES;
				CLANG_WARN_STRICT_PROTOTYPES = YES;
				CLANG_WARN_SUSPICIOUS_MOVE = YES;
				CLANG_WARN_UNGUARDED_AVAILABILITY = YES_AGGRESSIVE;
				CLANG_WARN_UNREACHABLE_CODE = YES;
				CLANG_WARN__DUPLICATE_METHOD_MATCH = YES;
				COPY_PHASE_STRIP = NO;
				DEBUG_INFORMATION_FORMAT = dwarf;
				ENABLE_STRICT_OBJC_MSGSEND = YES;
				ENABLE_TESTABILITY = YES;
				GCC_C_LANGUAGE_STANDARD = gnu11;
				GCC_DYNAMIC_NO_PIC = NO;
				GCC_NO_COMMON_BLOCKS = YES;
				GCC_OPTIMIZATION_LEVEL = 0;
				GCC_PREPROCESSOR_DEFINITIONS = (
					"DEBUG=1",
					"$(inherited)",
				);
				GCC_WARN_64_TO_32_BIT_CONVERSION = YES;
				GCC_WARN_ABOUT_RETURN_TYPE = YES_ERROR;
				GCC_WARN_UNDECLARED_SELECTOR = YES;
				GCC_WARN_UNINITIALIZED_AUTOS = YES_AGGRESSIVE;
				GCC_WARN_UNUSED_FUNCTION = YES;
				GCC_WARN_UNUSED_VARIABLE = YES;
				IPHONEOS_DEPLOYMENT_TARGET = 16.0;
				MTL_ENABLE_DEBUG_INFO = INCLUDE_SOURCE;
				MTL_FAST_MATH = YES;
				ONLY_ACTIVE_ARCH = YES;
				SDKROOT = iphoneos;
				SWIFT_ACTIVE_COMPILATION_CONDITIONS = DEBUG;
				SWIFT_OPTIMIZATION_LEVEL = "-Onone";
			};
			name = Debug;
		};
		36B58C7A28FA038D00C1A51B /* Release */ = {
			isa = XCBuildConfiguration;
			buildSettings = {
				ALWAYS_SEARCH_USER_PATHS = NO;
				CLANG_ANALYZER_NONNULL = YES;
				CLANG_ANALYZER_NUMBER_OBJECT_CONVERSION = YES_AGGRESSIVE;
				CLANG_CXX_LANGUAGE_STANDARD = "gnu++20";
				CLANG_ENABLE_MODULES = YES;
				CLANG_ENABLE_OBJC_ARC = YES;
				CLANG_ENABLE_OBJC_WEAK = YES;
				CLANG_WARN_BLOCK_CAPTURE_AUTORELEASING = YES;
				CLANG_WARN_BOOL_CONVERSION = YES;
				CLANG_WARN_COMMA = YES;
				CLANG_WARN_CONSTANT_CONVERSION = YES;
				CLANG_WARN_DEPRECATED_OBJC_IMPLEMENTATIONS = YES;
				CLANG_WARN_DIRECT_OBJC_ISA_USAGE = YES_ERROR;
				CLANG_WARN_DOCUMENTATION_COMMENTS = YES;
				CLANG_WARN_EMPTY_BODY = YES;
				CLANG_WARN_ENUM_CONVERSION = YES;
				CLANG_WARN_INFINITE_RECURSION = YES;
				CLANG_WARN_INT_CONVERSION = YES;
				CLANG_WARN_NON_LITERAL_NULL_CONVERSION = YES;
				CLANG_WARN_OBJC_IMPLICIT_RETAIN_SELF = YES;
				CLANG_WARN_OBJC_LITERAL_CONVERSION = YES;
				CLANG_WARN_OBJC_ROOT_CLASS = YES_ERROR;
				CLANG_WARN_QUOTED_INCLUDE_IN_FRAMEWORK_HEADER = YES;
				CLANG_WARN_RANGE_LOOP_ANALYSIS = YES;
				CLANG_WARN_STRICT_PROTOTYPES = YES;
				CLANG_WARN_SUSPICIOUS_MOVE = YES;
				CLANG_WARN_UNGUARDED_AVAILABILITY = YES_AGGRESSIVE;
				CLANG_WARN_UNREACHABLE_CODE = YES;
				CLANG_WARN__DUPLICATE_METHOD_MATCH = YES;
				COPY_PHASE_STRIP = NO;
				DEBUG_INFORMATION_FORMAT = "dwarf-with-dsym";
				ENABLE_NS_ASSERTIONS = NO;
				ENABLE_STRICT_OBJC_MSGSEND = YES;
				GCC_C_LANGUAGE_STANDARD = gnu11;
				GCC_NO_COMMON_BLOCKS = YES;
				GCC_WARN_64_TO_32_BIT_CONVERSION = YES;
				GCC_WARN_ABOUT_RETURN_TYPE = YES_ERROR;
				GCC_WARN_UNDECLARED_SELECTOR = YES;
				GCC_WARN_UNINITIALIZED_AUTOS = YES_AGGRESSIVE;
				GCC_WARN_UNUSED_FUNCTION = YES;
				GCC_WARN_UNUSED_VARIABLE = YES;
				IPHONEOS_DEPLOYMENT_TARGET = 16.0;
				MTL_ENABLE_DEBUG_INFO = NO;
				MTL_FAST_MATH = YES;
				SDKROOT = iphoneos;
				SWIFT_COMPILATION_MODE = wholemodule;
				SWIFT_OPTIMIZATION_LEVEL = "-O";
				VALIDATE_PRODUCT = YES;
			};
			name = Release;
		};
		36B58C7C28FA038D00C1A51B /* Debug */ = {
			isa = XCBuildConfiguration;
			buildSettings = {
				ASSETCATALOG_COMPILER_APPICON_NAME = AppIcon;
				ASSETCATALOG_COMPILER_GLOBAL_ACCENT_COLOR_NAME = AccentColor;
				CODE_SIGN_STYLE = Automatic;
				CURRENT_PROJECT_VERSION = 1;
				DEVELOPMENT_TEAM = 7JZ4ZN5725;
				GENERATE_INFOPLIST_FILE = YES;
				INFOPLIST_FILE = team5project/Info.plist;
				INFOPLIST_KEY_UIApplicationSupportsIndirectInputEvents = YES;
				INFOPLIST_KEY_UILaunchStoryboardName = LaunchScreen;
				INFOPLIST_KEY_UIMainStoryboardFile = Main;
				INFOPLIST_KEY_UISupportedInterfaceOrientations_iPad = "UIInterfaceOrientationPortrait UIInterfaceOrientationPortraitUpsideDown UIInterfaceOrientationLandscapeLeft UIInterfaceOrientationLandscapeRight";
				INFOPLIST_KEY_UISupportedInterfaceOrientations_iPhone = "UIInterfaceOrientationPortrait UIInterfaceOrientationLandscapeLeft UIInterfaceOrientationLandscapeRight";
				IPHONEOS_DEPLOYMENT_TARGET = 15.5;
				LD_RUNPATH_SEARCH_PATHS = (
					"$(inherited)",
					"@executable_path/Frameworks",
				);
				MARKETING_VERSION = 1.0;
				PRODUCT_BUNDLE_IDENTIFIER = cs329e.team5project;
				PRODUCT_NAME = "$(TARGET_NAME)";
				SWIFT_EMIT_LOC_STRINGS = YES;
				SWIFT_VERSION = 5.0;
				TARGETED_DEVICE_FAMILY = "1,2";
			};
			name = Debug;
		};
		36B58C7D28FA038D00C1A51B /* Release */ = {
			isa = XCBuildConfiguration;
			buildSettings = {
				ASSETCATALOG_COMPILER_APPICON_NAME = AppIcon;
				ASSETCATALOG_COMPILER_GLOBAL_ACCENT_COLOR_NAME = AccentColor;
				CODE_SIGN_STYLE = Automatic;
				CURRENT_PROJECT_VERSION = 1;
				DEVELOPMENT_TEAM = 7JZ4ZN5725;
				GENERATE_INFOPLIST_FILE = YES;
				INFOPLIST_FILE = team5project/Info.plist;
				INFOPLIST_KEY_UIApplicationSupportsIndirectInputEvents = YES;
				INFOPLIST_KEY_UILaunchStoryboardName = LaunchScreen;
				INFOPLIST_KEY_UIMainStoryboardFile = Main;
				INFOPLIST_KEY_UISupportedInterfaceOrientations_iPad = "UIInterfaceOrientationPortrait UIInterfaceOrientationPortraitUpsideDown UIInterfaceOrientationLandscapeLeft UIInterfaceOrientationLandscapeRight";
				INFOPLIST_KEY_UISupportedInterfaceOrientations_iPhone = "UIInterfaceOrientationPortrait UIInterfaceOrientationLandscapeLeft UIInterfaceOrientationLandscapeRight";
				IPHONEOS_DEPLOYMENT_TARGET = 15.5;
				LD_RUNPATH_SEARCH_PATHS = (
					"$(inherited)",
					"@executable_path/Frameworks",
				);
				MARKETING_VERSION = 1.0;
				PRODUCT_BUNDLE_IDENTIFIER = cs329e.team5project;
				PRODUCT_NAME = "$(TARGET_NAME)";
				SWIFT_EMIT_LOC_STRINGS = YES;
				SWIFT_VERSION = 5.0;
				TARGETED_DEVICE_FAMILY = "1,2";
			};
			name = Release;
		};
/* End XCBuildConfiguration section */

/* Begin XCConfigurationList section */
		36B58C5F28FA038B00C1A51B /* Build configuration list for PBXProject "team5project" */ = {
			isa = XCConfigurationList;
			buildConfigurations = (
				36B58C7928FA038D00C1A51B /* Debug */,
				36B58C7A28FA038D00C1A51B /* Release */,
			);
			defaultConfigurationIsVisible = 0;
			defaultConfigurationName = Release;
		};
		36B58C7B28FA038D00C1A51B /* Build configuration list for PBXNativeTarget "team5project" */ = {
			isa = XCConfigurationList;
			buildConfigurations = (
				36B58C7C28FA038D00C1A51B /* Debug */,
				36B58C7D28FA038D00C1A51B /* Release */,
			);
			defaultConfigurationIsVisible = 0;
			defaultConfigurationName = Release;
		};
/* End XCConfigurationList section */

/* Begin XCRemoteSwiftPackageReference section */
		3697CC6B29115A9800D70A8F /* XCRemoteSwiftPackageReference "firebase-ios-sdk" */ = {
			isa = XCRemoteSwiftPackageReference;
			repositoryURL = "https://github.com/firebase/firebase-ios-sdk";
			requirement = {
				branch = master;
				kind = branch;
			};
		};
/* End XCRemoteSwiftPackageReference section */

/* Begin XCSwiftPackageProductDependency section */
		3697CC6C29115A9800D70A8F /* FirebaseAuth */ = {
			isa = XCSwiftPackageProductDependency;
			package = 3697CC6B29115A9800D70A8F /* XCRemoteSwiftPackageReference "firebase-ios-sdk" */;
			productName = FirebaseAuth;
		};
/* End XCSwiftPackageProductDependency section */

/* Begin XCVersionGroup section */
		36B58C7028FA038B00C1A51B /* team5project.xcdatamodeld */ = {
			isa = XCVersionGroup;
			children = (
				36B58C7128FA038B00C1A51B /* team5project.xcdatamodel */,
			);
			currentVersion = 36B58C7128FA038B00C1A51B /* team5project.xcdatamodel */;
			path = team5project.xcdatamodeld;
			sourceTree = "<group>";
			versionGroupType = wrapper.xcdatamodel;
		};
/* End XCVersionGroup section */
	};
	rootObject = 36B58C5C28FA038B00C1A51B /* Project object */;
}
